
Microsoft Visual Studio Solution File, Format Version 12.00
# Visual Studio Version 17
VisualStudioVersion = 17.7.34031.279
MinimumVisualStudioVersion = 10.0.40219.1
Project("{FAE04EC0-301F-11D3-BF4B-00C04F79EFBC}") = "UnitTestLab", "UnitTestLab.csproj", "{D87313D1-2660-4056-935E-14701A157DCB}"
EndProject
Global
	GlobalSection(SolutionConfigurationPlatforms) = preSolution
		Debug|Any CPU = Debug|Any CPU
		Release|Any CPU = Release|Any CPU
	EndGlobalSection
	GlobalSection(ProjectConfigurationPlatforms) = postSolution
		{D87313D1-2660-4056-935E-14701A157DCB}.Debug|Any CPU.ActiveCfg = Debug|Any CPU
		{D87313D1-2660-4056-935E-14701A157DCB}.Debug|Any CPU.Build.0 = Debug|Any CPU
		{D87313D1-2660-4056-935E-14701A157DCB}.Release|Any CPU.ActiveCfg = Release|Any CPU
		{D87313D1-2660-4056-935E-14701A157DCB}.Release|Any CPU.Build.0 = Release|Any CPU
	EndGlobalSection
	GlobalSection(SolutionProperties) = preSolution
		HideSolutionNode = FALSE
	EndGlobalSection
	GlobalSection(ExtensibilityGlobals) = postSolution
		SolutionGuid = {4B43F77E-E6A5-4581-A619-5A87C0453363}
	EndGlobalSection
EndGlobal
